
Microsoft Visual Studio Solution File, Format Version 12.00
# Visual Studio 15
VisualStudioVersion = 15.0.26403.0
MinimumVisualStudioVersion = 10.0.40219.1
Project("{D954291E-2A0B-460D-934E-DC6B0785DB48}") = "TauriArmory", "TauriArmory\TauriArmory\TauriArmory.shproj", "{AC8A1122-5365-4975-B0C0-37A3AF113595}"
EndProject
Project("{FAE04EC0-301F-11D3-BF4B-00C04F79EFBC}") = "TauriArmory.Android", "TauriArmory\TauriArmory.Android\TauriArmory.Android.csproj", "{95B284D3-A3E4-4103-8AB2-6A9AA6D91734}"
EndProject
Project("{FAE04EC0-301F-11D3-BF4B-00C04F79EFBC}") = "TauriArmory.iOS", "TauriArmory\TauriArmory.iOS\TauriArmory.iOS.csproj", "{51882B7A-6CB4-4A73-AD55-54DE3200282E}"
EndProject
Project("{FAE04EC0-301F-11D3-BF4B-00C04F79EFBC}") = "TauriArmory.UWP", "TauriArmory\TauriArmory.UWP\TauriArmory.UWP.csproj", "{26302547-D8F9-4749-86BB-15A19D2A0B16}"
EndProject
Global
	GlobalSection(SharedMSBuildProjectFiles) = preSolution
		TauriArmory\TauriArmory\TauriArmory.projitems*{51882b7a-6cb4-4a73-ad55-54de3200282e}*SharedItemsImports = 4
		TauriArmory\TauriArmory\TauriArmory.projitems*{ac8a1122-5365-4975-b0c0-37a3af113595}*SharedItemsImports = 13
	EndGlobalSection
	GlobalSection(SolutionConfigurationPlatforms) = preSolution
		Debug|Any CPU = Debug|Any CPU
		Debug|ARM = Debug|ARM
		Debug|iPhone = Debug|iPhone
		Debug|iPhoneSimulator = Debug|iPhoneSimulator
		Debug|x64 = Debug|x64
		Debug|x86 = Debug|x86
		Release|Any CPU = Release|Any CPU
		Release|ARM = Release|ARM
		Release|iPhone = Release|iPhone
		Release|iPhoneSimulator = Release|iPhoneSimulator
		Release|x64 = Release|x64
		Release|x86 = Release|x86
	EndGlobalSection
	GlobalSection(ProjectConfigurationPlatforms) = postSolution
		{95B284D3-A3E4-4103-8AB2-6A9AA6D91734}.Debug|Any CPU.ActiveCfg = Debug|Any CPU
		{95B284D3-A3E4-4103-8AB2-6A9AA6D91734}.Debug|Any CPU.Build.0 = Debug|Any CPU
		{95B284D3-A3E4-4103-8AB2-6A9AA6D91734}.Debug|Any CPU.Deploy.0 = Debug|Any CPU
		{95B284D3-A3E4-4103-8AB2-6A9AA6D91734}.Debug|ARM.ActiveCfg = Debug|Any CPU
		{95B284D3-A3E4-4103-8AB2-6A9AA6D91734}.Debug|ARM.Build.0 = Debug|Any CPU
		{95B284D3-A3E4-4103-8AB2-6A9AA6D91734}.Debug|ARM.Deploy.0 = Debug|Any CPU
		{95B284D3-A3E4-4103-8AB2-6A9AA6D91734}.Debug|iPhone.ActiveCfg = Debug|Any CPU
		{95B284D3-A3E4-4103-8AB2-6A9AA6D91734}.Debug|iPhone.Build.0 = Debug|Any CPU
		{95B284D3-A3E4-4103-8AB2-6A9AA6D91734}.Debug|iPhone.Deploy.0 = Debug|Any CPU
		{95B284D3-A3E4-4103-8AB2-6A9AA6D91734}.Debug|iPhoneSimulator.ActiveCfg = Debug|Any CPU
		{95B284D3-A3E4-4103-8AB2-6A9AA6D91734}.Debug|iPhoneSimulator.Build.0 = Debug|Any CPU
		{95B284D3-A3E4-4103-8AB2-6A9AA6D91734}.Debug|iPhoneSimulator.Deploy.0 = Debug|Any CPU
		{95B284D3-A3E4-4103-8AB2-6A9AA6D91734}.Debug|x64.ActiveCfg = Debug|Any CPU
		{95B284D3-A3E4-4103-8AB2-6A9AA6D91734}.Debug|x64.Build.0 = Debug|Any CPU
		{95B284D3-A3E4-4103-8AB2-6A9AA6D91734}.Debug|x64.Deploy.0 = Debug|Any CPU
		{95B284D3-A3E4-4103-8AB2-6A9AA6D91734}.Debug|x86.ActiveCfg = Debug|Any CPU
		{95B284D3-A3E4-4103-8AB2-6A9AA6D91734}.Debug|x86.Build.0 = Debug|Any CPU
		{95B284D3-A3E4-4103-8AB2-6A9AA6D91734}.Debug|x86.Deploy.0 = Debug|Any CPU
		{95B284D3-A3E4-4103-8AB2-6A9AA6D91734}.Release|Any CPU.ActiveCfg = Release|Any CPU
		{95B284D3-A3E4-4103-8AB2-6A9AA6D91734}.Release|Any CPU.Build.0 = Release|Any CPU
		{95B284D3-A3E4-4103-8AB2-6A9AA6D91734}.Release|Any CPU.Deploy.0 = Release|Any CPU
		{95B284D3-A3E4-4103-8AB2-6A9AA6D91734}.Release|ARM.ActiveCfg = Release|Any CPU
		{95B284D3-A3E4-4103-8AB2-6A9AA6D91734}.Release|ARM.Build.0 = Release|Any CPU
		{95B284D3-A3E4-4103-8AB2-6A9AA6D91734}.Release|ARM.Deploy.0 = Release|Any CPU
		{95B284D3-A3E4-4103-8AB2-6A9AA6D91734}.Release|iPhone.ActiveCfg = Release|Any CPU
		{95B284D3-A3E4-4103-8AB2-6A9AA6D91734}.Release|iPhone.Build.0 = Release|Any CPU
		{95B284D3-A3E4-4103-8AB2-6A9AA6D91734}.Release|iPhone.Deploy.0 = Release|Any CPU
		{95B284D3-A3E4-4103-8AB2-6A9AA6D91734}.Release|iPhoneSimulator.ActiveCfg = Release|Any CPU
		{95B284D3-A3E4-4103-8AB2-6A9AA6D91734}.Release|iPhoneSimulator.Build.0 = Release|Any CPU
		{95B284D3-A3E4-4103-8AB2-6A9AA6D91734}.Release|iPhoneSimulator.Deploy.0 = Release|Any CPU
		{95B284D3-A3E4-4103-8AB2-6A9AA6D91734}.Release|x64.ActiveCfg = Release|Any CPU
		{95B284D3-A3E4-4103-8AB2-6A9AA6D91734}.Release|x64.Build.0 = Release|Any CPU
		{95B284D3-A3E4-4103-8AB2-6A9AA6D91734}.Release|x64.Deploy.0 = Release|Any CPU
		{95B284D3-A3E4-4103-8AB2-6A9AA6D91734}.Release|x86.ActiveCfg = Release|Any CPU
		{95B284D3-A3E4-4103-8AB2-6A9AA6D91734}.Release|x86.Build.0 = Release|Any CPU
		{95B284D3-A3E4-4103-8AB2-6A9AA6D91734}.Release|x86.Deploy.0 = Release|Any CPU
		{51882B7A-6CB4-4A73-AD55-54DE3200282E}.Debug|Any CPU.ActiveCfg = Debug|iPhone
		{51882B7A-6CB4-4A73-AD55-54DE3200282E}.Debug|ARM.ActiveCfg = Debug|iPhone
		{51882B7A-6CB4-4A73-AD55-54DE3200282E}.Debug|iPhone.ActiveCfg = Debug|iPhone
		{51882B7A-6CB4-4A73-AD55-54DE3200282E}.Debug|iPhone.Build.0 = Debug|iPhone
		{51882B7A-6CB4-4A73-AD55-54DE3200282E}.Debug|iPhoneSimulator.ActiveCfg = Debug|iPhoneSimulator
		{51882B7A-6CB4-4A73-AD55-54DE3200282E}.Debug|iPhoneSimulator.Build.0 = Debug|iPhoneSimulator
		{51882B7A-6CB4-4A73-AD55-54DE3200282E}.Debug|x64.ActiveCfg = Debug|iPhone
		{51882B7A-6CB4-4A73-AD55-54DE3200282E}.Debug|x86.ActiveCfg = Debug|iPhone
		{51882B7A-6CB4-4A73-AD55-54DE3200282E}.Release|Any CPU.ActiveCfg = Release|iPhone
		{51882B7A-6CB4-4A73-AD55-54DE3200282E}.Release|ARM.ActiveCfg = Release|iPhone
		{51882B7A-6CB4-4A73-AD55-54DE3200282E}.Release|iPhone.ActiveCfg = Release|iPhone
		{51882B7A-6CB4-4A73-AD55-54DE3200282E}.Release|iPhone.Build.0 = Release|iPhone
		{51882B7A-6CB4-4A73-AD55-54DE3200282E}.Release|iPhoneSimulator.ActiveCfg = Release|iPhoneSimulator
		{51882B7A-6CB4-4A73-AD55-54DE3200282E}.Release|iPhoneSimulator.Build.0 = Release|iPhoneSimulator
		{51882B7A-6CB4-4A73-AD55-54DE3200282E}.Release|x64.ActiveCfg = Release|iPhone
		{51882B7A-6CB4-4A73-AD55-54DE3200282E}.Release|x86.ActiveCfg = Release|iPhone
		{26302547-D8F9-4749-86BB-15A19D2A0B16}.Debug|Any CPU.ActiveCfg = Debug|x86
		{26302547-D8F9-4749-86BB-15A19D2A0B16}.Debug|ARM.ActiveCfg = Debug|ARM
		{26302547-D8F9-4749-86BB-15A19D2A0B16}.Debug|ARM.Build.0 = Debug|ARM
		{26302547-D8F9-4749-86BB-15A19D2A0B16}.Debug|ARM.Deploy.0 = Debug|ARM
		{26302547-D8F9-4749-86BB-15A19D2A0B16}.Debug|iPhone.ActiveCfg = Debug|x86
		{26302547-D8F9-4749-86BB-15A19D2A0B16}.Debug|iPhoneSimulator.ActiveCfg = Debug|x86
		{26302547-D8F9-4749-86BB-15A19D2A0B16}.Debug|x64.ActiveCfg = Debug|x64
		{26302547-D8F9-4749-86BB-15A19D2A0B16}.Debug|x64.Build.0 = Debug|x64
		{26302547-D8F9-4749-86BB-15A19D2A0B16}.Debug|x64.Deploy.0 = Debug|x64
		{26302547-D8F9-4749-86BB-15A19D2A0B16}.Debug|x86.ActiveCfg = Debug|x86
		{26302547-D8F9-4749-86BB-15A19D2A0B16}.Debug|x86.Build.0 = Debug|x86
		{26302547-D8F9-4749-86BB-15A19D2A0B16}.Debug|x86.Deploy.0 = Debug|x86
		{26302547-D8F9-4749-86BB-15A19D2A0B16}.Release|Any CPU.ActiveCfg = Release|x86
		{26302547-D8F9-4749-86BB-15A19D2A0B16}.Release|ARM.ActiveCfg = Release|ARM
		{26302547-D8F9-4749-86BB-15A19D2A0B16}.Release|ARM.Build.0 = Release|ARM
		{26302547-D8F9-4749-86BB-15A19D2A0B16}.Release|ARM.Deploy.0 = Release|ARM
		{26302547-D8F9-4749-86BB-15A19D2A0B16}.Release|iPhone.ActiveCfg = Release|x86
		{26302547-D8F9-4749-86BB-15A19D2A0B16}.Release|iPhoneSimulator.ActiveCfg = Release|x86
		{26302547-D8F9-4749-86BB-15A19D2A0B16}.Release|x64.ActiveCfg = Release|x64
		{26302547-D8F9-4749-86BB-15A19D2A0B16}.Release|x64.Build.0 = Release|x64
		{26302547-D8F9-4749-86BB-15A19D2A0B16}.Release|x64.Deploy.0 = Release|x64
		{26302547-D8F9-4749-86BB-15A19D2A0B16}.Release|x86.ActiveCfg = Release|x86
		{26302547-D8F9-4749-86BB-15A19D2A0B16}.Release|x86.Build.0 = Release|x86
		{26302547-D8F9-4749-86BB-15A19D2A0B16}.Release|x86.Deploy.0 = Release|x86
	EndGlobalSection
	GlobalSection(SolutionProperties) = preSolution
		HideSolutionNode = FALSE
	EndGlobalSection
EndGlobal
